
Microsoft Visual Studio Solution File, Format Version 12.00
# Visual Studio 15
VisualStudioVersion = 15.0.26730.16
MinimumVisualStudioVersion = 10.0.40219.1
Project("{FAE04EC0-301F-11D3-BF4B-00C04F79EFBC}") = "ChallengeFirstPapaBobsWebsite", "ChallengeFirstPapaBobsWebsite\ChallengeFirstPapaBobsWebsite.csproj", "{31C3F757-13BB-4184-A5FE-D36866892C38}"
EndProject
Global
	GlobalSection(SolutionConfigurationPlatforms) = preSolution
		Debug|Any CPU = Debug|Any CPU
		Release|Any CPU = Release|Any CPU
	EndGlobalSection
	GlobalSection(ProjectConfigurationPlatforms) = postSolution
		{31C3F757-13BB-4184-A5FE-D36866892C38}.Debug|Any CPU.ActiveCfg = Debug|Any CPU
		{31C3F757-13BB-4184-A5FE-D36866892C38}.Debug|Any CPU.Build.0 = Debug|Any CPU
		{31C3F757-13BB-4184-A5FE-D36866892C38}.Release|Any CPU.ActiveCfg = Release|Any CPU
		{31C3F757-13BB-4184-A5FE-D36866892C38}.Release|Any CPU.Build.0 = Release|Any CPU
	EndGlobalSection
	GlobalSection(SolutionProperties) = preSolution
		HideSolutionNode = FALSE
	EndGlobalSection
	GlobalSection(ExtensibilityGlobals) = postSolution
		SolutionGuid = {450EA578-EF5D-4FBB-B090-5807644D50CD}
	EndGlobalSection
EndGlobal
