
Microsoft Visual Studio Solution File, Format Version 12.00
# Visual Studio 15
VisualStudioVersion = 15.0.26730.16
MinimumVisualStudioVersion = 10.0.40219.1
Project("{FAE04EC0-301F-11D3-BF4B-00C04F79EFBC}") = "CS-ASP_011", "CS-ASP_011\CS-ASP_011.csproj", "{723B8E06-1866-4B9B-B065-BEAAC746603A}"
EndProject
Global
	GlobalSection(SolutionConfigurationPlatforms) = preSolution
		Debug|Any CPU = Debug|Any CPU
		Release|Any CPU = Release|Any CPU
	EndGlobalSection
	GlobalSection(ProjectConfigurationPlatforms) = postSolution
		{723B8E06-1866-4B9B-B065-BEAAC746603A}.Debug|Any CPU.ActiveCfg = Debug|Any CPU
		{723B8E06-1866-4B9B-B065-BEAAC746603A}.Debug|Any CPU.Build.0 = Debug|Any CPU
		{723B8E06-1866-4B9B-B065-BEAAC746603A}.Release|Any CPU.ActiveCfg = Release|Any CPU
		{723B8E06-1866-4B9B-B065-BEAAC746603A}.Release|Any CPU.Build.0 = Release|Any CPU
	EndGlobalSection
	GlobalSection(SolutionProperties) = preSolution
		HideSolutionNode = FALSE
	EndGlobalSection
	GlobalSection(ExtensibilityGlobals) = postSolution
		SolutionGuid = {9DD5594E-3926-4C4E-8294-F5E8CC992618}
	EndGlobalSection
EndGlobal
